
Microsoft Visual Studio Solution File, Format Version 12.00
# Visual Studio 15
VisualStudioVersion = 15.0.28307.421
MinimumVisualStudioVersion = 10.0.40219.1
Project("{FAE04EC0-301F-11D3-BF4B-00C04F79EFBC}") = "GoogleMapsTry3.Android", "GoogleMapsTry3\GoogleMapsTry3.Android\GoogleMapsTry3.Android.csproj", "{09A88146-ED9F-4AEC-A59B-8EF0BA3C1FA7}"
EndProject
Project("{9A19103F-16F7-4668-BE54-9A1E7A4F7556}") = "GoogleMapsTry3", "GoogleMapsTry3\GoogleMapsTry3\GoogleMapsTry3.csproj", "{28C63A6B-C93B-460D-8FE8-5CAE037BFCA0}"
EndProject
Project("{FAE04EC0-301F-11D3-BF4B-00C04F79EFBC}") = "GoogleMapsTry3.Wpf", "GoogleMapsTry3\GoogleMapsTry3.Wpf\GoogleMapsTry3.Wpf.csproj", "{844B329A-82D0-4765-8BE4-BE106983BB0A}"
EndProject
Global
	GlobalSection(SolutionConfigurationPlatforms) = preSolution
		Debug|Any CPU = Debug|Any CPU
		Debug|ARM = Debug|ARM
		Debug|ARM64 = Debug|ARM64
		Debug|x64 = Debug|x64
		Debug|x86 = Debug|x86
		Release|Any CPU = Release|Any CPU
		Release|ARM = Release|ARM
		Release|ARM64 = Release|ARM64
		Release|x64 = Release|x64
		Release|x86 = Release|x86
	EndGlobalSection
	GlobalSection(ProjectConfigurationPlatforms) = postSolution
		{09A88146-ED9F-4AEC-A59B-8EF0BA3C1FA7}.Debug|Any CPU.ActiveCfg = Debug|Any CPU
		{09A88146-ED9F-4AEC-A59B-8EF0BA3C1FA7}.Debug|Any CPU.Build.0 = Debug|Any CPU
		{09A88146-ED9F-4AEC-A59B-8EF0BA3C1FA7}.Debug|Any CPU.Deploy.0 = Debug|Any CPU
		{09A88146-ED9F-4AEC-A59B-8EF0BA3C1FA7}.Debug|ARM.ActiveCfg = Debug|Any CPU
		{09A88146-ED9F-4AEC-A59B-8EF0BA3C1FA7}.Debug|ARM.Build.0 = Debug|Any CPU
		{09A88146-ED9F-4AEC-A59B-8EF0BA3C1FA7}.Debug|ARM.Deploy.0 = Debug|Any CPU
		{09A88146-ED9F-4AEC-A59B-8EF0BA3C1FA7}.Debug|ARM64.ActiveCfg = Debug|Any CPU
		{09A88146-ED9F-4AEC-A59B-8EF0BA3C1FA7}.Debug|ARM64.Build.0 = Debug|Any CPU
		{09A88146-ED9F-4AEC-A59B-8EF0BA3C1FA7}.Debug|ARM64.Deploy.0 = Debug|Any CPU
		{09A88146-ED9F-4AEC-A59B-8EF0BA3C1FA7}.Debug|x64.ActiveCfg = Debug|Any CPU
		{09A88146-ED9F-4AEC-A59B-8EF0BA3C1FA7}.Debug|x64.Build.0 = Debug|Any CPU
		{09A88146-ED9F-4AEC-A59B-8EF0BA3C1FA7}.Debug|x64.Deploy.0 = Debug|Any CPU
		{09A88146-ED9F-4AEC-A59B-8EF0BA3C1FA7}.Debug|x86.ActiveCfg = Debug|Any CPU
		{09A88146-ED9F-4AEC-A59B-8EF0BA3C1FA7}.Debug|x86.Build.0 = Debug|Any CPU
		{09A88146-ED9F-4AEC-A59B-8EF0BA3C1FA7}.Debug|x86.Deploy.0 = Debug|Any CPU
		{09A88146-ED9F-4AEC-A59B-8EF0BA3C1FA7}.Release|Any CPU.ActiveCfg = Release|Any CPU
		{09A88146-ED9F-4AEC-A59B-8EF0BA3C1FA7}.Release|Any CPU.Build.0 = Release|Any CPU
		{09A88146-ED9F-4AEC-A59B-8EF0BA3C1FA7}.Release|Any CPU.Deploy.0 = Release|Any CPU
		{09A88146-ED9F-4AEC-A59B-8EF0BA3C1FA7}.Release|ARM.ActiveCfg = Release|Any CPU
		{09A88146-ED9F-4AEC-A59B-8EF0BA3C1FA7}.Release|ARM.Build.0 = Release|Any CPU
		{09A88146-ED9F-4AEC-A59B-8EF0BA3C1FA7}.Release|ARM.Deploy.0 = Release|Any CPU
		{09A88146-ED9F-4AEC-A59B-8EF0BA3C1FA7}.Release|ARM64.ActiveCfg = Release|Any CPU
		{09A88146-ED9F-4AEC-A59B-8EF0BA3C1FA7}.Release|ARM64.Build.0 = Release|Any CPU
		{09A88146-ED9F-4AEC-A59B-8EF0BA3C1FA7}.Release|ARM64.Deploy.0 = Release|Any CPU
		{09A88146-ED9F-4AEC-A59B-8EF0BA3C1FA7}.Release|x64.ActiveCfg = Release|Any CPU
		{09A88146-ED9F-4AEC-A59B-8EF0BA3C1FA7}.Release|x64.Build.0 = Release|Any CPU
		{09A88146-ED9F-4AEC-A59B-8EF0BA3C1FA7}.Release|x64.Deploy.0 = Release|Any CPU
		{09A88146-ED9F-4AEC-A59B-8EF0BA3C1FA7}.Release|x86.ActiveCfg = Release|Any CPU
		{09A88146-ED9F-4AEC-A59B-8EF0BA3C1FA7}.Release|x86.Build.0 = Release|Any CPU
		{09A88146-ED9F-4AEC-A59B-8EF0BA3C1FA7}.Release|x86.Deploy.0 = Release|Any CPU
		{28C63A6B-C93B-460D-8FE8-5CAE037BFCA0}.Debug|Any CPU.ActiveCfg = Debug|Any CPU
		{28C63A6B-C93B-460D-8FE8-5CAE037BFCA0}.Debug|Any CPU.Build.0 = Debug|Any CPU
		{28C63A6B-C93B-460D-8FE8-5CAE037BFCA0}.Debug|Any CPU.Deploy.0 = Debug|Any CPU
		{28C63A6B-C93B-460D-8FE8-5CAE037BFCA0}.Debug|ARM.ActiveCfg = Debug|Any CPU
		{28C63A6B-C93B-460D-8FE8-5CAE037BFCA0}.Debug|ARM.Build.0 = Debug|Any CPU
		{28C63A6B-C93B-460D-8FE8-5CAE037BFCA0}.Debug|ARM64.ActiveCfg = Debug|Any CPU
		{28C63A6B-C93B-460D-8FE8-5CAE037BFCA0}.Debug|ARM64.Build.0 = Debug|Any CPU
		{28C63A6B-C93B-460D-8FE8-5CAE037BFCA0}.Debug|x64.ActiveCfg = Debug|Any CPU
		{28C63A6B-C93B-460D-8FE8-5CAE037BFCA0}.Debug|x64.Build.0 = Debug|Any CPU
		{28C63A6B-C93B-460D-8FE8-5CAE037BFCA0}.Debug|x86.ActiveCfg = Debug|Any CPU
		{28C63A6B-C93B-460D-8FE8-5CAE037BFCA0}.Debug|x86.Build.0 = Debug|Any CPU
		{28C63A6B-C93B-460D-8FE8-5CAE037BFCA0}.Release|Any CPU.ActiveCfg = Release|Any CPU
		{28C63A6B-C93B-460D-8FE8-5CAE037BFCA0}.Release|Any CPU.Build.0 = Release|Any CPU
		{28C63A6B-C93B-460D-8FE8-5CAE037BFCA0}.Release|Any CPU.Deploy.0 = Release|Any CPU
		{28C63A6B-C93B-460D-8FE8-5CAE037BFCA0}.Release|ARM.ActiveCfg = Release|Any CPU
		{28C63A6B-C93B-460D-8FE8-5CAE037BFCA0}.Release|ARM.Build.0 = Release|Any CPU
		{28C63A6B-C93B-460D-8FE8-5CAE037BFCA0}.Release|ARM64.ActiveCfg = Release|Any CPU
		{28C63A6B-C93B-460D-8FE8-5CAE037BFCA0}.Release|ARM64.Build.0 = Release|Any CPU
		{28C63A6B-C93B-460D-8FE8-5CAE037BFCA0}.Release|x64.ActiveCfg = Release|Any CPU
		{28C63A6B-C93B-460D-8FE8-5CAE037BFCA0}.Release|x64.Build.0 = Release|Any CPU
		{28C63A6B-C93B-460D-8FE8-5CAE037BFCA0}.Release|x86.ActiveCfg = Release|Any CPU
		{28C63A6B-C93B-460D-8FE8-5CAE037BFCA0}.Release|x86.Build.0 = Release|Any CPU
		{844B329A-82D0-4765-8BE4-BE106983BB0A}.Debug|Any CPU.ActiveCfg = Debug|Any CPU
		{844B329A-82D0-4765-8BE4-BE106983BB0A}.Debug|Any CPU.Build.0 = Debug|Any CPU
		{844B329A-82D0-4765-8BE4-BE106983BB0A}.Debug|ARM.ActiveCfg = Debug|Any CPU
		{844B329A-82D0-4765-8BE4-BE106983BB0A}.Debug|ARM.Build.0 = Debug|Any CPU
		{844B329A-82D0-4765-8BE4-BE106983BB0A}.Debug|ARM64.ActiveCfg = Debug|Any CPU
		{844B329A-82D0-4765-8BE4-BE106983BB0A}.Debug|ARM64.Build.0 = Debug|Any CPU
		{844B329A-82D0-4765-8BE4-BE106983BB0A}.Debug|x64.ActiveCfg = Debug|Any CPU
		{844B329A-82D0-4765-8BE4-BE106983BB0A}.Debug|x64.Build.0 = Debug|Any CPU
		{844B329A-82D0-4765-8BE4-BE106983BB0A}.Debug|x86.ActiveCfg = Debug|Any CPU
		{844B329A-82D0-4765-8BE4-BE106983BB0A}.Debug|x86.Build.0 = Debug|Any CPU
		{844B329A-82D0-4765-8BE4-BE106983BB0A}.Release|Any CPU.ActiveCfg = Release|Any CPU
		{844B329A-82D0-4765-8BE4-BE106983BB0A}.Release|Any CPU.Build.0 = Release|Any CPU
		{844B329A-82D0-4765-8BE4-BE106983BB0A}.Release|ARM.ActiveCfg = Release|Any CPU
		{844B329A-82D0-4765-8BE4-BE106983BB0A}.Release|ARM.Build.0 = Release|Any CPU
		{844B329A-82D0-4765-8BE4-BE106983BB0A}.Release|ARM64.ActiveCfg = Release|Any CPU
		{844B329A-82D0-4765-8BE4-BE106983BB0A}.Release|ARM64.Build.0 = Release|Any CPU
		{844B329A-82D0-4765-8BE4-BE106983BB0A}.Release|x64.ActiveCfg = Release|Any CPU
		{844B329A-82D0-4765-8BE4-BE106983BB0A}.Release|x64.Build.0 = Release|Any CPU
		{844B329A-82D0-4765-8BE4-BE106983BB0A}.Release|x86.ActiveCfg = Release|Any CPU
		{844B329A-82D0-4765-8BE4-BE106983BB0A}.Release|x86.Build.0 = Release|Any CPU
	EndGlobalSection
	GlobalSection(SolutionProperties) = preSolution
		HideSolutionNode = FALSE
	EndGlobalSection
	GlobalSection(ExtensibilityGlobals) = postSolution
		SolutionGuid = {8ACD2B52-2DA7-4592-8A97-FA15C764CA3D}
	EndGlobalSection
EndGlobal
